
Microsoft Visual Studio Solution File, Format Version 12.00
# Visual Studio 2012
Project("{FAE04EC0-301F-11D3-BF4B-00C04F79EFBC}") = "SportsStore.Domain", "SportsStore.Domain\SportsStore.Domain.csproj", "{8879E741-25C2-4C5B-AC73-1AA38BB1D8C5}"
EndProject
Project("{FAE04EC0-301F-11D3-BF4B-00C04F79EFBC}") = "SportsStore.WebUI", "SportsStore.WebUI\SportsStore.WebUI.csproj", "{68079D9A-A1CF-4F86-8F95-D732E5F09617}"
EndProject
Project("{FAE04EC0-301F-11D3-BF4B-00C04F79EFBC}") = "SportsStore.UnitTests", "SportsStore.UnitTests\SportsStore.UnitTests.csproj", "{EB7EA32B-EAC0-40CE-816F-4C0147A288E4}"
EndProject
Global
	GlobalSection(SolutionConfigurationPlatforms) = preSolution
		Debug|Any CPU = Debug|Any CPU
		Release|Any CPU = Release|Any CPU
	EndGlobalSection
	GlobalSection(ProjectConfigurationPlatforms) = postSolution
		{8879E741-25C2-4C5B-AC73-1AA38BB1D8C5}.Debug|Any CPU.ActiveCfg = Debug|Any CPU
		{8879E741-25C2-4C5B-AC73-1AA38BB1D8C5}.Debug|Any CPU.Build.0 = Debug|Any CPU
		{8879E741-25C2-4C5B-AC73-1AA38BB1D8C5}.Release|Any CPU.ActiveCfg = Release|Any CPU
		{8879E741-25C2-4C5B-AC73-1AA38BB1D8C5}.Release|Any CPU.Build.0 = Release|Any CPU
		{68079D9A-A1CF-4F86-8F95-D732E5F09617}.Debug|Any CPU.ActiveCfg = Debug|Any CPU
		{68079D9A-A1CF-4F86-8F95-D732E5F09617}.Debug|Any CPU.Build.0 = Debug|Any CPU
		{68079D9A-A1CF-4F86-8F95-D732E5F09617}.Release|Any CPU.ActiveCfg = Release|Any CPU
		{68079D9A-A1CF-4F86-8F95-D732E5F09617}.Release|Any CPU.Build.0 = Release|Any CPU
		{EB7EA32B-EAC0-40CE-816F-4C0147A288E4}.Debug|Any CPU.ActiveCfg = Debug|Any CPU
		{EB7EA32B-EAC0-40CE-816F-4C0147A288E4}.Debug|Any CPU.Build.0 = Debug|Any CPU
		{EB7EA32B-EAC0-40CE-816F-4C0147A288E4}.Release|Any CPU.ActiveCfg = Release|Any CPU
		{EB7EA32B-EAC0-40CE-816F-4C0147A288E4}.Release|Any CPU.Build.0 = Release|Any CPU
	EndGlobalSection
	GlobalSection(SolutionProperties) = preSolution
		HideSolutionNode = FALSE
	EndGlobalSection
EndGlobal
